
Microsoft Visual Studio Solution File, Format Version 12.00
# Visual Studio 15
VisualStudioVersion = 15.0.26124.0
MinimumVisualStudioVersion = 15.0.26124.0
Project("{FAE04EC0-301F-11D3-BF4B-00C04F79EFBC}") = "ProEventos.Application", "ProEventos.Application\ProEventos.Application.csproj", "{D69432B4-A9E9-420A-8ED4-18138F8B9306}"
EndProject
Project("{FAE04EC0-301F-11D3-BF4B-00C04F79EFBC}") = "ProEventos.Domain", "ProEventos.Domain\ProEventos.Domain.csproj", "{A4D39944-3228-4BEF-A2CB-7C3A1341681F}"
EndProject
Project("{FAE04EC0-301F-11D3-BF4B-00C04F79EFBC}") = "ProEventos.API", "ProEventos.API\ProEventos.API.csproj", "{37E8DD13-CFDC-4447-B179-2A1DABA76045}"
EndProject
Project("{FAE04EC0-301F-11D3-BF4B-00C04F79EFBC}") = "ProEventos.Persistence", "ProEventos.Persistence\ProEventos.Persistence.csproj", "{08FCB6DF-7CCF-4A23-B804-A4D5232B3675}"
EndProject
Global
	GlobalSection(SolutionConfigurationPlatforms) = preSolution
		Debug|Any CPU = Debug|Any CPU
		Debug|x64 = Debug|x64
		Debug|x86 = Debug|x86
		Release|Any CPU = Release|Any CPU
		Release|x64 = Release|x64
		Release|x86 = Release|x86
	EndGlobalSection
	GlobalSection(SolutionProperties) = preSolution
		HideSolutionNode = FALSE
	EndGlobalSection
	GlobalSection(ProjectConfigurationPlatforms) = postSolution
		{D69432B4-A9E9-420A-8ED4-18138F8B9306}.Debug|Any CPU.ActiveCfg = Debug|Any CPU
		{D69432B4-A9E9-420A-8ED4-18138F8B9306}.Debug|Any CPU.Build.0 = Debug|Any CPU
		{D69432B4-A9E9-420A-8ED4-18138F8B9306}.Debug|x64.ActiveCfg = Debug|Any CPU
		{D69432B4-A9E9-420A-8ED4-18138F8B9306}.Debug|x64.Build.0 = Debug|Any CPU
		{D69432B4-A9E9-420A-8ED4-18138F8B9306}.Debug|x86.ActiveCfg = Debug|Any CPU
		{D69432B4-A9E9-420A-8ED4-18138F8B9306}.Debug|x86.Build.0 = Debug|Any CPU
		{D69432B4-A9E9-420A-8ED4-18138F8B9306}.Release|Any CPU.ActiveCfg = Release|Any CPU
		{D69432B4-A9E9-420A-8ED4-18138F8B9306}.Release|Any CPU.Build.0 = Release|Any CPU
		{D69432B4-A9E9-420A-8ED4-18138F8B9306}.Release|x64.ActiveCfg = Release|Any CPU
		{D69432B4-A9E9-420A-8ED4-18138F8B9306}.Release|x64.Build.0 = Release|Any CPU
		{D69432B4-A9E9-420A-8ED4-18138F8B9306}.Release|x86.ActiveCfg = Release|Any CPU
		{D69432B4-A9E9-420A-8ED4-18138F8B9306}.Release|x86.Build.0 = Release|Any CPU
		{A4D39944-3228-4BEF-A2CB-7C3A1341681F}.Debug|Any CPU.ActiveCfg = Debug|Any CPU
		{A4D39944-3228-4BEF-A2CB-7C3A1341681F}.Debug|Any CPU.Build.0 = Debug|Any CPU
		{A4D39944-3228-4BEF-A2CB-7C3A1341681F}.Debug|x64.ActiveCfg = Debug|Any CPU
		{A4D39944-3228-4BEF-A2CB-7C3A1341681F}.Debug|x64.Build.0 = Debug|Any CPU
		{A4D39944-3228-4BEF-A2CB-7C3A1341681F}.Debug|x86.ActiveCfg = Debug|Any CPU
		{A4D39944-3228-4BEF-A2CB-7C3A1341681F}.Debug|x86.Build.0 = Debug|Any CPU
		{A4D39944-3228-4BEF-A2CB-7C3A1341681F}.Release|Any CPU.ActiveCfg = Release|Any CPU
		{A4D39944-3228-4BEF-A2CB-7C3A1341681F}.Release|Any CPU.Build.0 = Release|Any CPU
		{A4D39944-3228-4BEF-A2CB-7C3A1341681F}.Release|x64.ActiveCfg = Release|Any CPU
		{A4D39944-3228-4BEF-A2CB-7C3A1341681F}.Release|x64.Build.0 = Release|Any CPU
		{A4D39944-3228-4BEF-A2CB-7C3A1341681F}.Release|x86.ActiveCfg = Release|Any CPU
		{A4D39944-3228-4BEF-A2CB-7C3A1341681F}.Release|x86.Build.0 = Release|Any CPU
		{37E8DD13-CFDC-4447-B179-2A1DABA76045}.Debug|Any CPU.ActiveCfg = Debug|Any CPU
		{37E8DD13-CFDC-4447-B179-2A1DABA76045}.Debug|Any CPU.Build.0 = Debug|Any CPU
		{37E8DD13-CFDC-4447-B179-2A1DABA76045}.Debug|x64.ActiveCfg = Debug|Any CPU
		{37E8DD13-CFDC-4447-B179-2A1DABA76045}.Debug|x64.Build.0 = Debug|Any CPU
		{37E8DD13-CFDC-4447-B179-2A1DABA76045}.Debug|x86.ActiveCfg = Debug|Any CPU
		{37E8DD13-CFDC-4447-B179-2A1DABA76045}.Debug|x86.Build.0 = Debug|Any CPU
		{37E8DD13-CFDC-4447-B179-2A1DABA76045}.Release|Any CPU.ActiveCfg = Release|Any CPU
		{37E8DD13-CFDC-4447-B179-2A1DABA76045}.Release|Any CPU.Build.0 = Release|Any CPU
		{37E8DD13-CFDC-4447-B179-2A1DABA76045}.Release|x64.ActiveCfg = Release|Any CPU
		{37E8DD13-CFDC-4447-B179-2A1DABA76045}.Release|x64.Build.0 = Release|Any CPU
		{37E8DD13-CFDC-4447-B179-2A1DABA76045}.Release|x86.ActiveCfg = Release|Any CPU
		{37E8DD13-CFDC-4447-B179-2A1DABA76045}.Release|x86.Build.0 = Release|Any CPU
		{08FCB6DF-7CCF-4A23-B804-A4D5232B3675}.Debug|Any CPU.ActiveCfg = Debug|Any CPU
		{08FCB6DF-7CCF-4A23-B804-A4D5232B3675}.Debug|Any CPU.Build.0 = Debug|Any CPU
		{08FCB6DF-7CCF-4A23-B804-A4D5232B3675}.Debug|x64.ActiveCfg = Debug|Any CPU
		{08FCB6DF-7CCF-4A23-B804-A4D5232B3675}.Debug|x64.Build.0 = Debug|Any CPU
		{08FCB6DF-7CCF-4A23-B804-A4D5232B3675}.Debug|x86.ActiveCfg = Debug|Any CPU
		{08FCB6DF-7CCF-4A23-B804-A4D5232B3675}.Debug|x86.Build.0 = Debug|Any CPU
		{08FCB6DF-7CCF-4A23-B804-A4D5232B3675}.Release|Any CPU.ActiveCfg = Release|Any CPU
		{08FCB6DF-7CCF-4A23-B804-A4D5232B3675}.Release|Any CPU.Build.0 = Release|Any CPU
		{08FCB6DF-7CCF-4A23-B804-A4D5232B3675}.Release|x64.ActiveCfg = Release|Any CPU
		{08FCB6DF-7CCF-4A23-B804-A4D5232B3675}.Release|x64.Build.0 = Release|Any CPU
		{08FCB6DF-7CCF-4A23-B804-A4D5232B3675}.Release|x86.ActiveCfg = Release|Any CPU
		{08FCB6DF-7CCF-4A23-B804-A4D5232B3675}.Release|x86.Build.0 = Release|Any CPU
	EndGlobalSection
EndGlobal
